
Microsoft Visual Studio Solution File, Format Version 12.00
# Visual Studio Version 16
VisualStudioVersion = 16.0.30011.22
MinimumVisualStudioVersion = 10.0.40219.1
Project("{FAE04EC0-301F-11D3-BF4B-00C04F79EFBC}") = "TDL", "TDL\TDL.csproj", "{1692E9E3-B319-4A04-9B61-400EA5B23803}"
EndProject
Global
	GlobalSection(SolutionConfigurationPlatforms) = preSolution
		Debug|Any CPU = Debug|Any CPU
		Release|Any CPU = Release|Any CPU
	EndGlobalSection
	GlobalSection(ProjectConfigurationPlatforms) = postSolution
		{1692E9E3-B319-4A04-9B61-400EA5B23803}.Debug|Any CPU.ActiveCfg = Debug|Any CPU
		{1692E9E3-B319-4A04-9B61-400EA5B23803}.Debug|Any CPU.Build.0 = Debug|Any CPU
		{1692E9E3-B319-4A04-9B61-400EA5B23803}.Release|Any CPU.ActiveCfg = Release|Any CPU
		{1692E9E3-B319-4A04-9B61-400EA5B23803}.Release|Any CPU.Build.0 = Release|Any CPU
	EndGlobalSection
	GlobalSection(SolutionProperties) = preSolution
		HideSolutionNode = FALSE
	EndGlobalSection
	GlobalSection(ExtensibilityGlobals) = postSolution
		SolutionGuid = {A88D1C89-E95D-4F6F-B697-640C8BA03024}
	EndGlobalSection
EndGlobal
